
Microsoft Visual Studio Solution File, Format Version 12.00
# Visual Studio Version 17
VisualStudioVersion = 17.6.33801.468
MinimumVisualStudioVersion = 10.0.40219.1
Project("{FAE04EC0-301F-11D3-BF4B-00C04F79EFBC}") = "GA_BubbleSort_ArmanSahota", "GA_BubbleSort_ArmanSahota.csproj", "{F394538A-11C1-4311-B781-4759CF34C43F}"
EndProject
Global
	GlobalSection(SolutionConfigurationPlatforms) = preSolution
		Debug|Any CPU = Debug|Any CPU
		Release|Any CPU = Release|Any CPU
	EndGlobalSection
	GlobalSection(ProjectConfigurationPlatforms) = postSolution
		{F394538A-11C1-4311-B781-4759CF34C43F}.Debug|Any CPU.ActiveCfg = Debug|Any CPU
		{F394538A-11C1-4311-B781-4759CF34C43F}.Debug|Any CPU.Build.0 = Debug|Any CPU
		{F394538A-11C1-4311-B781-4759CF34C43F}.Release|Any CPU.ActiveCfg = Release|Any CPU
		{F394538A-11C1-4311-B781-4759CF34C43F}.Release|Any CPU.Build.0 = Release|Any CPU
	EndGlobalSection
	GlobalSection(SolutionProperties) = preSolution
		HideSolutionNode = FALSE
	EndGlobalSection
	GlobalSection(ExtensibilityGlobals) = postSolution
		SolutionGuid = {2B17A562-E8C0-4FA1-8ECD-DFEBB0EE361B}
	EndGlobalSection
EndGlobal
